// !$*UTF8*$!
{
	archiveVersion = 1;
	classes = {
	};
	objectVersion = 46;
	objects = {

/* Begin PBXBuildFile section */
		ADA2187D1F2DACF3008AFA0E /* AppDelegate.swift in Sources */ = {isa = PBXBuildFile; fileRef = ADA2187C1F2DACF3008AFA0E /* AppDelegate.swift */; };
		ADA2187F1F2DACF3008AFA0E /* ViewController.swift in Sources */ = {isa = PBXBuildFile; fileRef = ADA2187E1F2DACF3008AFA0E /* ViewController.swift */; };
		ADA218821F2DACF3008AFA0E /* Main.storyboard in Resources */ = {isa = PBXBuildFile; fileRef = ADA218801F2DACF3008AFA0E /* Main.storyboard */; };
		ADA218841F2DACF3008AFA0E /* Assets.xcassets in Resources */ = {isa = PBXBuildFile; fileRef = ADA218831F2DACF3008AFA0E /* Assets.xcassets */; };
		ADA218871F2DACF3008AFA0E /* LaunchScreen.storyboard in Resources */ = {isa = PBXBuildFile; fileRef = ADA218851F2DACF3008AFA0E /* LaunchScreen.storyboard */; };
		ADA218921F2DACF3008AFA0E /* NoteVoteTests.swift in Sources */ = {isa = PBXBuildFile; fileRef = ADA218911F2DACF3008AFA0E /* NoteVoteTests.swift */; };
		ADA2189D1F2DACF3008AFA0E /* NoteVoteUITests.swift in Sources */ = {isa = PBXBuildFile; fileRef = ADA2189C1F2DACF3008AFA0E /* NoteVoteUITests.swift */; };
/* End PBXBuildFile section */

/* Begin PBXContainerItemProxy section */
		ADA2188E1F2DACF3008AFA0E /* PBXContainerItemProxy */ = {
			isa = PBXContainerItemProxy;
			containerPortal = ADA218711F2DACF3008AFA0E /* Project object */;
			proxyType = 1;
			remoteGlobalIDString = ADA218781F2DACF3008AFA0E;
			remoteInfo = NoteVote;
		};
		ADA218991F2DACF3008AFA0E /* PBXContainerItemProxy */ = {
			isa = PBXContainerItemProxy;
			containerPortal = ADA218711F2DACF3008AFA0E /* Project object */;
			proxyType = 1;
			remoteGlobalIDString = ADA218781F2DACF3008AFA0E;
			remoteInfo = NoteVote;
		};
/* End PBXContainerItemProxy section */

/* Begin PBXFileReference section */
		ADA218791F2DACF3008AFA0E /* NoteVote.app */ = {isa = PBXFileReference; explicitFileType = wrapper.application; includeInIndex = 0; path = NoteVote.app; sourceTree = BUILT_PRODUCTS_DIR; };
		ADA2187C1F2DACF3008AFA0E /* AppDelegate.swift */ = {isa = PBXFileReference; lastKnownFileType = sourcecode.swift; path = AppDelegate.swift; sourceTree = "<group>"; };
		ADA2187E1F2DACF3008AFA0E /* ViewController.swift */ = {isa = PBXFileReference; lastKnownFileType = sourcecode.swift; path = ViewController.swift; sourceTree = "<group>"; };
		ADA218811F2DACF3008AFA0E /* Base */ = {isa = PBXFileReference; lastKnownFileType = file.storyboard; name = Base; path = Base.lproj/Main.storyboard; sourceTree = "<group>"; };
		ADA218831F2DACF3008AFA0E /* Assets.xcassets */ = {isa = PBXFileReference; lastKnownFileType = folder.assetcatalog; path = Assets.xcassets; sourceTree = "<group>"; };
		ADA218861F2DACF3008AFA0E /* Base */ = {isa = PBXFileReference; lastKnownFileType = file.storyboard; name = Base; path = Base.lproj/LaunchScreen.storyboard; sourceTree = "<group>"; };
		ADA218881F2DACF3008AFA0E /* Info.plist */ = {isa = PBXFileReference; lastKnownFileType = text.plist.xml; path = Info.plist; sourceTree = "<group>"; };
		ADA2188D1F2DACF3008AFA0E /* NoteVoteTests.xctest */ = {isa = PBXFileReference; explicitFileType = wrapper.cfbundle; includeInIndex = 0; path = NoteVoteTests.xctest; sourceTree = BUILT_PRODUCTS_DIR; };
		ADA218911F2DACF3008AFA0E /* NoteVoteTests.swift */ = {isa = PBXFileReference; lastKnownFileType = sourcecode.swift; path = NoteVoteTests.swift; sourceTree = "<group>"; };
		ADA218931F2DACF3008AFA0E /* Info.plist */ = {isa = PBXFileReference; lastKnownFileType = text.plist.xml; path = Info.plist; sourceTree = "<group>"; };
		ADA218981F2DACF3008AFA0E /* NoteVoteUITests.xctest */ = {isa = PBXFileReference; explicitFileType = wrapper.cfbundle; includeInIndex = 0; path = NoteVoteUITests.xctest; sourceTree = BUILT_PRODUCTS_DIR; };
		ADA2189C1F2DACF3008AFA0E /* NoteVoteUITests.swift */ = {isa = PBXFileReference; lastKnownFileType = sourcecode.swift; path = NoteVoteUITests.swift; sourceTree = "<group>"; };
		ADA2189E1F2DACF3008AFA0E /* Info.plist */ = {isa = PBXFileReference; lastKnownFileType = text.plist.xml; path = Info.plist; sourceTree = "<group>"; };
/* End PBXFileReference section */

/* Begin PBXFrameworksBuildPhase section */
		ADA218761F2DACF3008AFA0E /* Frameworks */ = {
			isa = PBXFrameworksBuildPhase;
			buildActionMask = 2147483647;
			files = (
			);
			runOnlyForDeploymentPostprocessing = 0;
		};
		ADA2188A1F2DACF3008AFA0E /* Frameworks */ = {
			isa = PBXFrameworksBuildPhase;
			buildActionMask = 2147483647;
			files = (
			);
			runOnlyForDeploymentPostprocessing = 0;
		};
		ADA218951F2DACF3008AFA0E /* Frameworks */ = {
			isa = PBXFrameworksBuildPhase;
			buildActionMask = 2147483647;
			files = (
			);
			runOnlyForDeploymentPostprocessing = 0;
		};
/* End PBXFrameworksBuildPhase section */

/* Begin PBXGroup section */
		ADA218701F2DACF3008AFA0E = {
			isa = PBXGroup;
			children = (
				ADA2187B1F2DACF3008AFA0E /* NoteVote */,
				ADA218901F2DACF3008AFA0E /* NoteVoteTests */,
				ADA2189B1F2DACF3008AFA0E /* NoteVoteUITests */,
				ADA2187A1F2DACF3008AFA0E /* Products */,
			);
			sourceTree = "<group>";
		};
		ADA2187A1F2DACF3008AFA0E /* Products */ = {
			isa = PBXGroup;
			children = (
				ADA218791F2DACF3008AFA0E /* NoteVote.app */,
				ADA2188D1F2DACF3008AFA0E /* NoteVoteTests.xctest */,
				ADA218981F2DACF3008AFA0E /* NoteVoteUITests.xctest */,
			);
			name = Products;
			sourceTree = "<group>";
		};
		ADA2187B1F2DACF3008AFA0E /* NoteVote */ = {
			isa = PBXGroup;
			children = (
				ADA2187C1F2DACF3008AFA0E /* AppDelegate.swift */,
				ADA2187E1F2DACF3008AFA0E /* ViewController.swift */,
				ADA218801F2DACF3008AFA0E /* Main.storyboard */,
				ADA218831F2DACF3008AFA0E /* Assets.xcassets */,
				ADA218851F2DACF3008AFA0E /* LaunchScreen.storyboard */,
				ADA218881F2DACF3008AFA0E /* Info.plist */,
			);
			path = NoteVote;
			sourceTree = "<group>";
		};
		ADA218901F2DACF3008AFA0E /* NoteVoteTests */ = {
			isa = PBXGroup;
			children = (
				ADA218911F2DACF3008AFA0E /* NoteVoteTests.swift */,
				ADA218931F2DACF3008AFA0E /* Info.plist */,
			);
			path = NoteVoteTests;
			sourceTree = "<group>";
		};
		ADA2189B1F2DACF3008AFA0E /* NoteVoteUITests */ = {
			isa = PBXGroup;
			children = (
				ADA2189C1F2DACF3008AFA0E /* NoteVoteUITests.swift */,
				ADA2189E1F2DACF3008AFA0E /* Info.plist */,
			);
			path = NoteVoteUITests;
			sourceTree = "<group>";
		};
/* End PBXGroup section */

/* Begin PBXNativeTarget section */
		ADA218781F2DACF3008AFA0E /* NoteVote */ = {
			isa = PBXNativeTarget;
			buildConfigurationList = ADA218A11F2DACF3008AFA0E /* Build configuration list for PBXNativeTarget "NoteVote" */;
			buildPhases = (
				ADA218751F2DACF3008AFA0E /* Sources */,
				ADA218761F2DACF3008AFA0E /* Frameworks */,
				ADA218771F2DACF3008AFA0E /* Resources */,
			);
			buildRules = (
			);
			dependencies = (
			);
			name = NoteVote;
			productName = NoteVote;
			productReference = ADA218791F2DACF3008AFA0E /* NoteVote.app */;
			productType = "com.apple.product-type.application";
		};
		ADA2188C1F2DACF3008AFA0E /* NoteVoteTests */ = {
			isa = PBXNativeTarget;
			buildConfigurationList = ADA218A41F2DACF3008AFA0E /* Build configuration list for PBXNativeTarget "NoteVoteTests" */;
			buildPhases = (
				ADA218891F2DACF3008AFA0E /* Sources */,
				ADA2188A1F2DACF3008AFA0E /* Frameworks */,
				ADA2188B1F2DACF3008AFA0E /* Resources */,
			);
			buildRules = (
			);
			dependencies = (
				ADA2188F1F2DACF3008AFA0E /* PBXTargetDependency */,
			);
			name = NoteVoteTests;
			productName = NoteVoteTests;
			productReference = ADA2188D1F2DACF3008AFA0E /* NoteVoteTests.xctest */;
			productType = "com.apple.product-type.bundle.unit-test";
		};
		ADA218971F2DACF3008AFA0E /* NoteVoteUITests */ = {
			isa = PBXNativeTarget;
			buildConfigurationList = ADA218A71F2DACF3008AFA0E /* Build configuration list for PBXNativeTarget "NoteVoteUITests" */;
			buildPhases = (
				ADA218941F2DACF3008AFA0E /* Sources */,
				ADA218951F2DACF3008AFA0E /* Frameworks */,
				ADA218961F2DACF3008AFA0E /* Resources */,
			);
			buildRules = (
			);
			dependencies = (
				ADA2189A1F2DACF3008AFA0E /* PBXTargetDependency */,
			);
			name = NoteVoteUITests;
			productName = NoteVoteUITests;
			productReference = ADA218981F2DACF3008AFA0E /* NoteVoteUITests.xctest */;
			productType = "com.apple.product-type.bundle.ui-testing";
		};
/* End PBXNativeTarget section */

/* Begin PBXProject section */
		ADA218711F2DACF3008AFA0E /* Project object */ = {
			isa = PBXProject;
			attributes = {
				LastSwiftUpdateCheck = 0830;
				LastUpgradeCheck = 0830;
				ORGANIZATIONNAME = "Dustin Jones";
				TargetAttributes = {
					ADA218781F2DACF3008AFA0E = {
						CreatedOnToolsVersion = 8.3.3;
						DevelopmentTeam = C39ZBZ8S99;
						ProvisioningStyle = Automatic;
					};
					ADA2188C1F2DACF3008AFA0E = {
						CreatedOnToolsVersion = 8.3.3;
						DevelopmentTeam = C39ZBZ8S99;
						ProvisioningStyle = Automatic;
						TestTargetID = ADA218781F2DACF3008AFA0E;
					};
					ADA218971F2DACF3008AFA0E = {
						CreatedOnToolsVersion = 8.3.3;
						DevelopmentTeam = C39ZBZ8S99;
						ProvisioningStyle = Automatic;
						TestTargetID = ADA218781F2DACF3008AFA0E;
					};
				};
			};
			buildConfigurationList = ADA218741F2DACF3008AFA0E /* Build configuration list for PBXProject "NoteVote" */;
			compatibilityVersion = "Xcode 3.2";
			developmentRegion = English;
			hasScannedForEncodings = 0;
			knownRegions = (
				en,
				Base,
			);
			mainGroup = ADA218701F2DACF3008AFA0E;
			productRefGroup = ADA2187A1F2DACF3008AFA0E /* Products */;
			projectDirPath = "";
			projectRoot = "";
			targets = (
				ADA218781F2DACF3008AFA0E /* NoteVote */,
				ADA2188C1F2DACF3008AFA0E /* NoteVoteTests */,
				ADA218971F2DACF3008AFA0E /* NoteVoteUITests */,
			);
		};
/* End PBXProject section */

/* Begin PBXResourcesBuildPhase section */
		ADA218771F2DACF3008AFA0E /* Resources */ = {
			isa = PBXResourcesBuildPhase;
			buildActionMask = 2147483647;
			files = (
				ADA218871F2DACF3008AFA0E /* LaunchScreen.storyboard in Resources */,
				ADA218841F2DACF3008AFA0E /* Assets.xcassets in Resources */,
				ADA218821F2DACF3008AFA0E /* Main.storyboard in Resources */,
			);
			runOnlyForDeploymentPostprocessing = 0;
		};
		ADA2188B1F2DACF3008AFA0E /* Resources */ = {
			isa = PBXResourcesBuildPhase;
			buildActionMask = 2147483647;
			files = (
			);
			runOnlyForDeploymentPostprocessing = 0;
		};
		ADA218961F2DACF3008AFA0E /* Resources */ = {
			isa = PBXResourcesBuildPhase;
			buildActionMask = 2147483647;
			files = (
			);
			runOnlyForDeploymentPostprocessing = 0;
		};
/* End PBXResourcesBuildPhase section */

/* Begin PBXSourcesBuildPhase section */
		ADA218751F2DACF3008AFA0E /* Sources */ = {
			isa = PBXSourcesBuildPhase;
			buildActionMask = 2147483647;
			files = (
				ADA2187F1F2DACF3008AFA0E /* ViewController.swift in Sources */,
				ADA2187D1F2DACF3008AFA0E /* AppDelegate.swift in Sources */,
			);
			runOnlyForDeploymentPostprocessing = 0;
		};
		ADA218891F2DACF3008AFA0E /* Sources */ = {
			isa = PBXSourcesBuildPhase;
			buildActionMask = 2147483647;
			files = (
				ADA218921F2DACF3008AFA0E /* NoteVoteTests.swift in Sources */,
			);
			runOnlyForDeploymentPostprocessing = 0;
		};
		ADA218941F2DACF3008AFA0E /* Sources */ = {
			isa = PBXSourcesBuildPhase;
			buildActionMask = 2147483647;
			files = (
				ADA2189D1F2DACF3008AFA0E /* NoteVoteUITests.swift in Sources */,
			);
			runOnlyForDeploymentPostprocessing = 0;
		};
/* End PBXSourcesBuildPhase section */

/* Begin PBXTargetDependency section */
		ADA2188F1F2DACF3008AFA0E /* PBXTargetDependency */ = {
			isa = PBXTargetDependency;
			target = ADA218781F2DACF3008AFA0E /* NoteVote */;
			targetProxy = ADA2188E1F2DACF3008AFA0E /* PBXContainerItemProxy */;
		};
		ADA2189A1F2DACF3008AFA0E /* PBXTargetDependency */ = {
			isa = PBXTargetDependency;
			target = ADA218781F2DACF3008AFA0E /* NoteVote */;
			targetProxy = ADA218991F2DACF3008AFA0E /* PBXContainerItemProxy */;
		};
/* End PBXTargetDependency section */

/* Begin PBXVariantGroup section */
		ADA218801F2DACF3008AFA0E /* Main.storyboard */ = {
			isa = PBXVariantGroup;
			children = (
				ADA218811F2DACF3008AFA0E /* Base */,
			);
			name = Main.storyboard;
			sourceTree = "<group>";
		};
		ADA218851F2DACF3008AFA0E /* LaunchScreen.storyboard */ = {
			isa = PBXVariantGroup;
			children = (
				ADA218861F2DACF3008AFA0E /* Base */,
			);
			name = LaunchScreen.storyboard;
			sourceTree = "<group>";
		};
/* End PBXVariantGroup section */

/* Begin XCBuildConfiguration section */
		ADA2189F1F2DACF3008AFA0E /* Debug */ = {
			isa = XCBuildConfiguration;
			buildSettings = {
				ALWAYS_SEARCH_USER_PATHS = NO;
				CLANG_ANALYZER_NONNULL = YES;
				CLANG_ANALYZER_NUMBER_OBJECT_CONVERSION = YES_AGGRESSIVE;
				CLANG_CXX_LANGUAGE_STANDARD = "gnu++0x";
				CLANG_CXX_LIBRARY = "libc++";
				CLANG_ENABLE_MODULES = YES;
				CLANG_ENABLE_OBJC_ARC = YES;
				CLANG_WARN_BOOL_CONVERSION = YES;
				CLANG_WARN_CONSTANT_CONVERSION = YES;
				CLANG_WARN_DIRECT_OBJC_ISA_USAGE = YES_ERROR;
				CLANG_WARN_DOCUMENTATION_COMMENTS = YES;
				CLANG_WARN_EMPTY_BODY = YES;
				CLANG_WARN_ENUM_CONVERSION = YES;
				CLANG_WARN_INFINITE_RECURSION = YES;
				CLANG_WARN_INT_CONVERSION = YES;
				CLANG_WARN_OBJC_ROOT_CLASS = YES_ERROR;
				CLANG_WARN_SUSPICIOUS_MOVE = YES;
				CLANG_WARN_UNREACHABLE_CODE = YES;
				CLANG_WARN__DUPLICATE_METHOD_MATCH = YES;
				"CODE_SIGN_IDENTITY[sdk=iphoneos*]" = "iPhone Developer";
				COPY_PHASE_STRIP = NO;
				DEBUG_INFORMATION_FORMAT = dwarf;
				ENABLE_STRICT_OBJC_MSGSEND = YES;
				ENABLE_TESTABILITY = YES;
				GCC_C_LANGUAGE_STANDARD = gnu99;
				GCC_DYNAMIC_NO_PIC = NO;
				GCC_NO_COMMON_BLOCKS = YES;
				GCC_OPTIMIZATION_LEVEL = 0;
				GCC_PREPROCESSOR_DEFINITIONS = (
					"DEBUG=1",
					"$(inherited)",
				);
				GCC_WARN_64_TO_32_BIT_CONVERSION = YES;
				GCC_WARN_ABOUT_RETURN_TYPE = YES_ERROR;
				GCC_WARN_UNDECLARED_SELECTOR = YES;
				GCC_WARN_UNINITIALIZED_AUTOS = YES_AGGRESSIVE;
				GCC_WARN_UNUSED_FUNCTION = YES;
				GCC_WARN_UNUSED_VARIABLE = YES;
				IPHONEOS_DEPLOYMENT_TARGET = 10.3;
				MTL_ENABLE_DEBUG_INFO = YES;
				ONLY_ACTIVE_ARCH = YES;
				SDKROOT = iphoneos;
				SWIFT_ACTIVE_COMPILATION_CONDITIONS = DEBUG;
				SWIFT_OPTIMIZATION_LEVEL = "-Onone";
				TARGETED_DEVICE_FAMILY = "1,2";
			};
			name = Debug;
		};
		ADA218A01F2DACF3008AFA0E /* Release */ = {
			isa = XCBuildConfiguration;
			buildSettings = {
				ALWAYS_SEARCH_USER_PATHS = NO;
				CLANG_ANALYZER_NONNULL = YES;
				CLANG_ANALYZER_NUMBER_OBJECT_CONVERSION = YES_AGGRESSIVE;
				CLANG_CXX_LANGUAGE_STANDARD = "gnu++0x";
				CLANG_CXX_LIBRARY = "libc++";
				CLANG_ENABLE_MODULES = YES;
				CLANG_ENABLE_OBJC_ARC = YES;
				CLANG_WARN_BOOL_CONVERSION = YES;
				CLANG_WARN_CONSTANT_CONVERSION = YES;
				CLANG_WARN_DIRECT_OBJC_ISA_USAGE = YES_ERROR;
				CLANG_WARN_DOCUMENTATION_COMMENTS = YES;
				CLANG_WARN_EMPTY_BODY = YES;
				CLANG_WARN_ENUM_CONVERSION = YES;
				CLANG_WARN_INFINITE_RECURSION = YES;
				CLANG_WARN_INT_CONVERSION = YES;
				CLANG_WARN_OBJC_ROOT_CLASS = YES_ERROR;
				CLANG_WARN_SUSPICIOUS_MOVE = YES;
				CLANG_WARN_UNREACHABLE_CODE = YES;
				CLANG_WARN__DUPLICATE_METHOD_MATCH = YES;
				"CODE_SIGN_IDENTITY[sdk=iphoneos*]" = "iPhone Developer";
				COPY_PHASE_STRIP = NO;
				DEBUG_INFORMATION_FORMAT = "dwarf-with-dsym";
				ENABLE_NS_ASSERTIONS = NO;
				ENABLE_STRICT_OBJC_MSGSEND = YES;
				GCC_C_LANGUAGE_STANDARD = gnu99;
				GCC_NO_COMMON_BLOCKS = YES;
				GCC_WARN_64_TO_32_BIT_CONVERSION = YES;
				GCC_WARN_ABOUT_RETURN_TYPE = YES_ERROR;
				GCC_WARN_UNDECLARED_SELECTOR = YES;
				GCC_WARN_UNINITIALIZED_AUTOS = YES_AGGRESSIVE;
				GCC_WARN_UNUSED_FUNCTION = YES;
				GCC_WARN_UNUSED_VARIABLE = YES;
				IPHONEOS_DEPLOYMENT_TARGET = 10.3;
				MTL_ENABLE_DEBUG_INFO = NO;
				SDKROOT = iphoneos;
				SWIFT_OPTIMIZATION_LEVEL = "-Owholemodule";
				TARGETED_DEVICE_FAMILY = "1,2";
				VALIDATE_PRODUCT = YES;
			};
			name = Release;
		};
		ADA218A21F2DACF3008AFA0E /* Debug */ = {
			isa = XCBuildConfiguration;
			buildSettings = {
				ASSETCATALOG_COMPILER_APPICON_NAME = AppIcon;
				DEVELOPMENT_TEAM = C39ZBZ8S99;
				INFOPLIST_FILE = NoteVote/Info.plist;
				LD_RUNPATH_SEARCH_PATHS = "$(inherited) @executable_path/Frameworks";
				PRODUCT_BUNDLE_IDENTIFIER = com.Jonesy716151.NoteVote;
				PRODUCT_NAME = "$(TARGET_NAME)";
				SWIFT_VERSION = 3.0;
			};
			name = Debug;
		};
		ADA218A31F2DACF3008AFA0E /* Release */ = {
			isa = XCBuildConfiguration;
			buildSettings = {
				ASSETCATALOG_COMPILER_APPICON_NAME = AppIcon;
				DEVELOPMENT_TEAM = C39ZBZ8S99;
				INFOPLIST_FILE = NoteVote/Info.plist;
				LD_RUNPATH_SEARCH_PATHS = "$(inherited) @executable_path/Frameworks";
				PRODUCT_BUNDLE_IDENTIFIER = com.Jonesy716151.NoteVote;
				PRODUCT_NAME = "$(TARGET_NAME)";
				SWIFT_VERSION = 3.0;
			};
			name = Release;
		};
		ADA218A51F2DACF3008AFA0E /* Debug */ = {
			isa = XCBuildConfiguration;
			buildSettings = {
				ALWAYS_EMBED_SWIFT_STANDARD_LIBRARIES = YES;
				BUNDLE_LOADER = "$(TEST_HOST)";
				DEVELOPMENT_TEAM = C39ZBZ8S99;
				INFOPLIST_FILE = NoteVoteTests/Info.plist;
				LD_RUNPATH_SEARCH_PATHS = "$(inherited) @executable_path/Frameworks @loader_path/Frameworks";
				PRODUCT_BUNDLE_IDENTIFIER = com.Jonesy716151.NoteVoteTests;
				PRODUCT_NAME = "$(TARGET_NAME)";
				SWIFT_VERSION = 3.0;
				TEST_HOST = "$(BUILT_PRODUCTS_DIR)/NoteVote.app/NoteVote";
			};
			name = Debug;
		};
		ADA218A61F2DACF3008AFA0E /* Release */ = {
			isa = XCBuildConfiguration;
			buildSettings = {
				ALWAYS_EMBED_SWIFT_STANDARD_LIBRARIES = YES;
				BUNDLE_LOADER = "$(TEST_HOST)";
				DEVELOPMENT_TEAM = C39ZBZ8S99;
				INFOPLIST_FILE = NoteVoteTests/Info.plist;
				LD_RUNPATH_SEARCH_PATHS = "$(inherited) @executable_path/Frameworks @loader_path/Frameworks";
				PRODUCT_BUNDLE_IDENTIFIER = com.Jonesy716151.NoteVoteTests;
				PRODUCT_NAME = "$(TARGET_NAME)";
				SWIFT_VERSION = 3.0;
				TEST_HOST = "$(BUILT_PRODUCTS_DIR)/NoteVote.app/NoteVote";
			};
			name = Release;
		};
		ADA218A81F2DACF3008AFA0E /* Debug */ = {
			isa = XCBuildConfiguration;
			buildSettings = {
				ALWAYS_EMBED_SWIFT_STANDARD_LIBRARIES = YES;
				DEVELOPMENT_TEAM = C39ZBZ8S99;
				INFOPLIST_FILE = NoteVoteUITests/Info.plist;
				LD_RUNPATH_SEARCH_PATHS = "$(inherited) @executable_path/Frameworks @loader_path/Frameworks";
				PRODUCT_BUNDLE_IDENTIFIER = com.Jonesy716151.NoteVoteUITests;
				PRODUCT_NAME = "$(TARGET_NAME)";
				SWIFT_VERSION = 3.0;
				TEST_TARGET_NAME = NoteVote;
			};
			name = Debug;
		};
		ADA218A91F2DACF3008AFA0E /* Release */ = {
			isa = XCBuildConfiguration;
			buildSettings = {
				ALWAYS_EMBED_SWIFT_STANDARD_LIBRARIES = YES;
				DEVELOPMENT_TEAM = C39ZBZ8S99;
				INFOPLIST_FILE = NoteVoteUITests/Info.plist;
				LD_RUNPATH_SEARCH_PATHS = "$(inherited) @executable_path/Frameworks @loader_path/Frameworks";
				PRODUCT_BUNDLE_IDENTIFIER = com.Jonesy716151.NoteVoteUITests;
				PRODUCT_NAME = "$(TARGET_NAME)";
				SWIFT_VERSION = 3.0;
				TEST_TARGET_NAME = NoteVote;
			};
			name = Release;
		};
/* End XCBuildConfiguration section */

/* Begin XCConfigurationList section */
		ADA218741F2DACF3008AFA0E /* Build configuration list for PBXProject "NoteVote" */ = {
			isa = XCConfigurationList;
			buildConfigurations = (
				ADA2189F1F2DACF3008AFA0E /* Debug */,
				ADA218A01F2DACF3008AFA0E /* Release */,
			);
			defaultConfigurationIsVisible = 0;
			defaultConfigurationName = Release;
		};
		ADA218A11F2DACF3008AFA0E /* Build configuration list for PBXNativeTarget "NoteVote" */ = {
			isa = XCConfigurationList;
			buildConfigurations = (
				ADA218A21F2DACF3008AFA0E /* Debug */,
				ADA218A31F2DACF3008AFA0E /* Release */,
			);
			defaultConfigurationIsVisible = 0;
		};
		ADA218A41F2DACF3008AFA0E /* Build configuration list for PBXNativeTarget "NoteVoteTests" */ = {
			isa = XCConfigurationList;
			buildConfigurations = (
				ADA218A51F2DACF3008AFA0E /* Debug */,
				ADA218A61F2DACF3008AFA0E /* Release */,
			);
			defaultConfigurationIsVisible = 0;
		};
		ADA218A71F2DACF3008AFA0E /* Build configuration list for PBXNativeTarget "NoteVoteUITests" */ = {
			isa = XCConfigurationList;
			buildConfigurations = (
				ADA218A81F2DACF3008AFA0E /* Debug */,
				ADA218A91F2DACF3008AFA0E /* Release */,
			);
			defaultConfigurationIsVisible = 0;
		};
/* End XCConfigurationList section */
	};
	rootObject = ADA218711F2DACF3008AFA0E /* Project object */;
}
